
Microsoft Visual Studio Solution File, Format Version 12.00
# Visual Studio Version 16
VisualStudioVersion = 16.0.31129.286
MinimumVisualStudioVersion = 10.0.40219.1
Project("{FAE04EC0-301F-11D3-BF4B-00C04F79EFBC}") = "3A1Pedro37", "3A1Pedro37\3A1Pedro37.csproj", "{DABBFF61-4A69-4558-BD85-0421D5C10B04}"
EndProject
Global
	GlobalSection(SolutionConfigurationPlatforms) = preSolution
		Debug|Any CPU = Debug|Any CPU
		Release|Any CPU = Release|Any CPU
	EndGlobalSection
	GlobalSection(ProjectConfigurationPlatforms) = postSolution
		{DABBFF61-4A69-4558-BD85-0421D5C10B04}.Debug|Any CPU.ActiveCfg = Debug|Any CPU
		{DABBFF61-4A69-4558-BD85-0421D5C10B04}.Debug|Any CPU.Build.0 = Debug|Any CPU
		{DABBFF61-4A69-4558-BD85-0421D5C10B04}.Release|Any CPU.ActiveCfg = Release|Any CPU
		{DABBFF61-4A69-4558-BD85-0421D5C10B04}.Release|Any CPU.Build.0 = Release|Any CPU
	EndGlobalSection
	GlobalSection(SolutionProperties) = preSolution
		HideSolutionNode = FALSE
	EndGlobalSection
	GlobalSection(ExtensibilityGlobals) = postSolution
		SolutionGuid = {5CF37CA9-506E-46AB-AEBB-85A63A99132A}
	EndGlobalSection
EndGlobal
